
Microsoft Visual Studio Solution File, Format Version 12.00
# Visual Studio Version 16
VisualStudioVersion = 16.0.32228.343
MinimumVisualStudioVersion = 10.0.40219.1
Project("{FAE04EC0-301F-11D3-BF4B-00C04F79EFBC}") = "MySQL Practice", "MySQL Practice\MySQL Practice.csproj", "{C66B86DA-3B5D-4778-A296-BD73384718EE}"
EndProject
Global
	GlobalSection(SolutionConfigurationPlatforms) = preSolution
		Debug|Any CPU = Debug|Any CPU
		Release|Any CPU = Release|Any CPU
	EndGlobalSection
	GlobalSection(ProjectConfigurationPlatforms) = postSolution
		{C66B86DA-3B5D-4778-A296-BD73384718EE}.Debug|Any CPU.ActiveCfg = Debug|Any CPU
		{C66B86DA-3B5D-4778-A296-BD73384718EE}.Debug|Any CPU.Build.0 = Debug|Any CPU
		{C66B86DA-3B5D-4778-A296-BD73384718EE}.Release|Any CPU.ActiveCfg = Release|Any CPU
		{C66B86DA-3B5D-4778-A296-BD73384718EE}.Release|Any CPU.Build.0 = Release|Any CPU
	EndGlobalSection
	GlobalSection(SolutionProperties) = preSolution
		HideSolutionNode = FALSE
	EndGlobalSection
	GlobalSection(ExtensibilityGlobals) = postSolution
		SolutionGuid = {BCC5F6EF-4BE8-4684-9E63-D9FDBD34DBF5}
	EndGlobalSection
EndGlobal
